lockfileVersion: '9.0'

settings:
  autoInstallPeers: true
  excludeLinksFromLockfile: false

importers:

  .:
    devDependencies:
      '@almadar-io/behaviors':
        specifier: ^0.16.193
        version: 0.16.193(@almadar/std@16.245.0)
      '@almadar/orb':
        specifier: ^17.11.1
        version: 17.11.1
      '@almadar/std':
        specifier: ^16.245.0
        version: 16.245.0

packages:

  '@almadar-io/behaviors@0.16.193':
    resolution: {integrity: sha512-ZNh6kFHk55Ri3LAigoUj+41qviNDjOSvC/XsMGy9vy1OtRuBC+0UsbHKQgp/TenAR52eyDxE1lEHgGGyM6Z3kw==, tarball: https://npm.pkg.github.com/download/@almadar-io/behaviors/0.16.193/efade238f0374c789363ae302582746d1ebfd88e}
    peerDependencies:
      '@almadar/std': ^16.245.0

  '@almadar/core@10.120.0':
    resolution: {integrity: sha512-hnSYYOsXnneOohij73LpvMa01iEvqI36TWbgo5DPAHLe/J09u8459PLOs+9sHVs0OHdOyMzYQOTfa26nCreRZw==}

  '@almadar/orb-darwin-arm64@17.11.1':
    resolution: {integrity: sha512-sctSuSmHwk9mCXz44sYsg2auju6dQ21cLCU+iLLNpYbDGjc9MpKtjOnCmckeavQueQt9rJQ8P3gbF30kWfRdDQ==}
    cpu: [arm64]
    os: [darwin]

  '@almadar/orb-darwin-x64@17.11.1':
    resolution: {integrity: sha512-5WwKjh97hy1QXIneomgbehAhsq47WqsexJZLDi9BI7HUld7y66eXpqe7LxUPF2ifyqgapiVGDXzegRQE3SZSRg==}
    cpu: [x64]
    os: [darwin]

  '@almadar/orb-linux-arm64@17.11.1':
    resolution: {integrity: sha512-YNDMqAbZWglC7scJV3jmQh7d4oduhqt1TBvWXuiYh/OvQPss5MCLWaeIGwNT61q0KofrHIL8bTTzYL1/ZHc8IQ==}
    cpu: [arm64]
    os: [linux]

  '@almadar/orb-linux-x64@17.11.1':
    resolution: {integrity: sha512-TQSVcmgwURqf7Ky4psBAyyLi/udDIQCsYrza6Bacryaocsxx/buti3caAPFAEg5GIGLvtx7i90x6XQbi+y8YVQ==}
    cpu: [x64]
    os: [linux]

  '@almadar/orb-windows-x64@17.11.1':
    resolution: {integrity: sha512-Q0ORmuSUV6QgfJaky0Hm/9DAlE2w/8n786YC4Toievfz/eZKFMk0zluagNL2vPq7UiyYkWxiXUdlMy9o9rAJAA==}
    cpu: [x64]
    os: [win32]

  '@almadar/orb@17.11.1':
    resolution: {integrity: sha512-ZMnJ2DkVArSqXB3FF+xBJVmCzK/U4NXYoI81wiW95x1IhiCLdEckK8XWfcojexwx9Jxyh9mnCra8/2qVhWWy4A==}
    engines: {node: '>=16.0.0'}
    cpu: [x64, arm64]
    os: [darwin, linux, win32]
    hasBin: true

  '@almadar/std@16.245.0':
    resolution: {integrity: sha512-S2ThihHG5NEHruRePddAx7x44X99cTm0nmrG637AQesPT5U9xxlOElv7uAZD27G1UAr4ER6Md1Up0Edqg7HMTw==}

  zod@3.25.76:
    resolution: {integrity: sha512-gzUt/qt81nXsFGKIFcC3YnfEAx5NkunCfnDlvuBSSFS02bcXu4Lmea0AFIUwbLWxWPx3d9p8S5QoaujKcNQxcQ==}

snapshots:

  '@almadar-io/behaviors@0.16.193(@almadar/std@16.245.0)':
    dependencies:
      '@almadar/core': 10.120.0
      '@almadar/std': 16.245.0

  '@almadar/core@10.120.0':
    dependencies:
      zod: 3.25.76

  '@almadar/orb-darwin-arm64@17.11.1':
    optional: true

  '@almadar/orb-darwin-x64@17.11.1':
    optional: true

  '@almadar/orb-linux-arm64@17.11.1':
    optional: true

  '@almadar/orb-linux-x64@17.11.1':
    optional: true

  '@almadar/orb-windows-x64@17.11.1':
    optional: true

  '@almadar/orb@17.11.1':
    optionalDependencies:
      '@almadar/orb-darwin-arm64': 17.11.1
      '@almadar/orb-darwin-x64': 17.11.1
      '@almadar/orb-linux-arm64': 17.11.1
      '@almadar/orb-linux-x64': 17.11.1
      '@almadar/orb-windows-x64': 17.11.1

  '@almadar/std@16.245.0':
    dependencies:
      '@almadar/core': 10.120.0

  zod@3.25.76: {}
