lockfileVersion: '9.0'

settings:
  autoInstallPeers: true
  excludeLinksFromLockfile: false

importers:

  .:
    devDependencies:
      '@almadar-io/behaviors':
        specifier: ^0.16.194
        version: 0.16.194(@almadar/std@16.246.0)
      '@almadar/orb':
        specifier: ^17.11.2
        version: 17.11.2
      '@almadar/std':
        specifier: ^16.246.0
        version: 16.246.0

packages:

  '@almadar-io/behaviors@0.16.194':
    resolution: {integrity: sha512-s9eCb2ycz5Nl5LAxT6HFk7nmHsaOSfY11+BLxqyqJnKUqEh1Dq0qhfCmUIzzvSa6+L7wNnMBXc5W99UMnSC6Yw==, tarball: https://npm.pkg.github.com/download/@almadar-io/behaviors/0.16.194/8567fa67238c4a9c245ab9be35eda2b7aefe2f48}
    peerDependencies:
      '@almadar/std': ^16.246.0

  '@almadar/core@10.121.0':
    resolution: {integrity: sha512-639lRMr+UAMtSNd66jp7OGR00fmzvrnIFciuUHW7N1kIJirjr/zvFJBryhHLx7XjvZ8gOp39r8BnyU+mF1PDgg==}

  '@almadar/orb-darwin-arm64@17.11.2':
    resolution: {integrity: sha512-I8XCbAyhhuzNXQhm3jj0O+jR/5RT9AbSjdqVhdRJJncT7OiFhtrQXvZ8aAk18wzeVUnd+Dg/nbD7UBYn0j1o3g==}
    cpu: [arm64]
    os: [darwin]

  '@almadar/orb-darwin-x64@17.11.2':
    resolution: {integrity: sha512-cvbgUd8KvhZdrtBK3LDLusDZqDwAfSQiyIVPfW56Ytq7NS6Jngg/PK26I3FyRwsRqeZ7Qaa0Ah0UKcQFPFIHsg==}
    cpu: [x64]
    os: [darwin]

  '@almadar/orb-linux-arm64@17.11.2':
    resolution: {integrity: sha512-l8FhB03z9QqQTd6wXXhI7lu06CSdIppueLD6ODLurBz19eOcXyoaoJ1XHzmcYsVpGNMW/kLWQY9l9PZCFkNmtA==}
    cpu: [arm64]
    os: [linux]

  '@almadar/orb-linux-x64@17.11.2':
    resolution: {integrity: sha512-F2ravIzouwoZqzrtPlR3/KlZNwSOCXzKO7z8xDLKgjLxjOwJkR3jt78wGV2KJSkOlmBhmeCloD6IQqojP/ymLw==}
    cpu: [x64]
    os: [linux]

  '@almadar/orb-windows-x64@17.11.2':
    resolution: {integrity: sha512-l60gAknRwsBuJiwZpdIm5X9syQbMsLalBP8dQ+/Oowz/H+vUJqDOrh90g0lNdXAaow9m2y5+XgcsWBTJnfnlxA==}
    cpu: [x64]
    os: [win32]

  '@almadar/orb@17.11.2':
    resolution: {integrity: sha512-m0Czd4KKzxIVDl9PzuixcV0xKDiMLwhZCuG34SzkqYJujVHD561RJiOUmZ3mcPnqoE6+IlyCQjjkpVuWi6eYXg==}
    engines: {node: '>=16.0.0'}
    cpu: [x64, arm64]
    os: [darwin, linux, win32]
    hasBin: true

  '@almadar/std@16.246.0':
    resolution: {integrity: sha512-93bJDs7RnzF09SH7g7qTBhziOdkeImLMEBPuUTXxHJ4RHGYOCXxbepgfCIiCXv2QllHkyrgu/KZxcmJFcHJ7ZQ==}

  zod@3.25.76:
    resolution: {integrity: sha512-gzUt/qt81nXsFGKIFcC3YnfEAx5NkunCfnDlvuBSSFS02bcXu4Lmea0AFIUwbLWxWPx3d9p8S5QoaujKcNQxcQ==}

snapshots:

  '@almadar-io/behaviors@0.16.194(@almadar/std@16.246.0)':
    dependencies:
      '@almadar/core': 10.121.0
      '@almadar/std': 16.246.0

  '@almadar/core@10.121.0':
    dependencies:
      zod: 3.25.76

  '@almadar/orb-darwin-arm64@17.11.2':
    optional: true

  '@almadar/orb-darwin-x64@17.11.2':
    optional: true

  '@almadar/orb-linux-arm64@17.11.2':
    optional: true

  '@almadar/orb-linux-x64@17.11.2':
    optional: true

  '@almadar/orb-windows-x64@17.11.2':
    optional: true

  '@almadar/orb@17.11.2':
    optionalDependencies:
      '@almadar/orb-darwin-arm64': 17.11.2
      '@almadar/orb-darwin-x64': 17.11.2
      '@almadar/orb-linux-arm64': 17.11.2
      '@almadar/orb-linux-x64': 17.11.2
      '@almadar/orb-windows-x64': 17.11.2

  '@almadar/std@16.246.0':
    dependencies:
      '@almadar/core': 10.121.0

  zod@3.25.76: {}
